
Microsoft Visual Studio Solution File, Format Version 12.00
# Visual Studio Version 16
VisualStudioVersion = 16.0.29709.97
MinimumVisualStudioVersion = 10.0.40219.1
Project("{9A19103F-16F7-4668-BE54-9A1E7A4F7556}") = "MailService", "MailService.csproj", "{55FBC056-2BC2-46F8-B8E9-ECB8E3A3EB6D}"
EndProject
Project("{FAE04EC0-301F-11D3-BF4B-00C04F79EFBC}") = "SmtpWrapper", "..\SmtpClient\SmtpWrapper.csproj", "{827408B5-32E8-4146-9097-54F5C58303DF}"
EndProject
Project("{FAE04EC0-301F-11D3-BF4B-00C04F79EFBC}") = "MailService.Test", "..\MailService.Test\MailService.Test.csproj", "{A5D5A1B6-A509-4C5B-9067-E23E0DBD813A}"
EndProject
Global
	GlobalSection(SolutionConfigurationPlatforms) = preSolution
		Debug|Any CPU = Debug|Any CPU
		Release|Any CPU = Release|Any CPU
	EndGlobalSection
	GlobalSection(ProjectConfigurationPlatforms) = postSolution
		{55FBC056-2BC2-46F8-B8E9-ECB8E3A3EB6D}.Debug|Any CPU.ActiveCfg = Debug|Any CPU
		{55FBC056-2BC2-46F8-B8E9-ECB8E3A3EB6D}.Debug|Any CPU.Build.0 = Debug|Any CPU
		{55FBC056-2BC2-46F8-B8E9-ECB8E3A3EB6D}.Release|Any CPU.ActiveCfg = Release|Any CPU
		{55FBC056-2BC2-46F8-B8E9-ECB8E3A3EB6D}.Release|Any CPU.Build.0 = Release|Any CPU
		{827408B5-32E8-4146-9097-54F5C58303DF}.Debug|Any CPU.ActiveCfg = Debug|Any CPU
		{827408B5-32E8-4146-9097-54F5C58303DF}.Debug|Any CPU.Build.0 = Debug|Any CPU
		{827408B5-32E8-4146-9097-54F5C58303DF}.Release|Any CPU.ActiveCfg = Release|Any CPU
		{827408B5-32E8-4146-9097-54F5C58303DF}.Release|Any CPU.Build.0 = Release|Any CPU
		{A5D5A1B6-A509-4C5B-9067-E23E0DBD813A}.Debug|Any CPU.ActiveCfg = Debug|Any CPU
		{A5D5A1B6-A509-4C5B-9067-E23E0DBD813A}.Debug|Any CPU.Build.0 = Debug|Any CPU
		{A5D5A1B6-A509-4C5B-9067-E23E0DBD813A}.Release|Any CPU.ActiveCfg = Release|Any CPU
		{A5D5A1B6-A509-4C5B-9067-E23E0DBD813A}.Release|Any CPU.Build.0 = Release|Any CPU
	EndGlobalSection
	GlobalSection(SolutionProperties) = preSolution
		HideSolutionNode = FALSE
	EndGlobalSection
	GlobalSection(ExtensibilityGlobals) = postSolution
		SolutionGuid = {3F112F7F-0AD9-44D0-99D8-07DC4FD18FC7}
	EndGlobalSection
EndGlobal
